
Microsoft Visual Studio Solution File, Format Version 12.00
# Visual Studio 15
VisualStudioVersion = 15.0.27130.2020
MinimumVisualStudioVersion = 10.0.40219.1
Project("{9A19103F-16F7-4668-BE54-9A1E7A4F7556}") = "SampleApp", "SampleApp\SampleApp.csproj", "{E23F8C55-2E60-4868-9290-F3D4E7498851}"
EndProject
Global
	GlobalSection(SolutionConfigurationPlatforms) = preSolution
		Debug|Any CPU = Debug|Any CPU
		Release|Any CPU = Release|Any CPU
	EndGlobalSection
	GlobalSection(ProjectConfigurationPlatforms) = postSolution
		{E23F8C55-2E60-4868-9290-F3D4E7498851}.Debug|Any CPU.ActiveCfg = Debug|Any CPU
		{E23F8C55-2E60-4868-9290-F3D4E7498851}.Debug|Any CPU.Build.0 = Debug|Any CPU
		{E23F8C55-2E60-4868-9290-F3D4E7498851}.Release|Any CPU.ActiveCfg = Release|Any CPU
		{E23F8C55-2E60-4868-9290-F3D4E7498851}.Release|Any CPU.Build.0 = Release|Any CPU
	EndGlobalSection
	GlobalSection(SolutionProperties) = preSolution
		HideSolutionNode = FALSE
	EndGlobalSection
	GlobalSection(ExtensibilityGlobals) = postSolution
		SolutionGuid = {8A07BB10-F72C-4AE9-BF9F-5321B7E4AB1B}
	EndGlobalSection
EndGlobal
